
Microsoft Visual Studio Solution File, Format Version 12.00
# Visual Studio Version 17
VisualStudioVersion = 17.1.32210.238
MinimumVisualStudioVersion = 10.0.40219.1
Project("{FAE04EC0-301F-11D3-BF4B-00C04F79EFBC}") = "ClinicApp", "ClinicApp\ClinicApp.csproj", "{349405EB-8D7E-4E32-8CE9-1CE333BB256D}"
EndProject
Global
	GlobalSection(SolutionConfigurationPlatforms) = preSolution
		Debug|Any CPU = Debug|Any CPU
		Release|Any CPU = Release|Any CPU
	EndGlobalSection
	GlobalSection(ProjectConfigurationPlatforms) = postSolution
		{349405EB-8D7E-4E32-8CE9-1CE333BB256D}.Debug|Any CPU.ActiveCfg = Debug|Any CPU
		{349405EB-8D7E-4E32-8CE9-1CE333BB256D}.Debug|Any CPU.Build.0 = Debug|Any CPU
		{349405EB-8D7E-4E32-8CE9-1CE333BB256D}.Release|Any CPU.ActiveCfg = Release|Any CPU
		{349405EB-8D7E-4E32-8CE9-1CE333BB256D}.Release|Any CPU.Build.0 = Release|Any CPU
	EndGlobalSection
	GlobalSection(SolutionProperties) = preSolution
		HideSolutionNode = FALSE
	EndGlobalSection
	GlobalSection(ExtensibilityGlobals) = postSolution
		SolutionGuid = {B76BF8D0-2D95-4F3B-B183-AD71E61EB660}
	EndGlobalSection
EndGlobal
